
Microsoft Visual Studio Solution File, Format Version 12.00
# Visual Studio Version 16
VisualStudioVersion = 16.0.29613.14
MinimumVisualStudioVersion = 10.0.40219.1
Project("{FAE04EC0-301F-11D3-BF4B-00C04F79EFBC}") = "API", "API\API.csproj", "{283D649D-30AC-4AC3-A925-D5263FA3549B}"
EndProject
Global
	GlobalSection(SolutionConfigurationPlatforms) = preSolution
		Debug|Any CPU = Debug|Any CPU
		Release|Any CPU = Release|Any CPU
	EndGlobalSection
	GlobalSection(ProjectConfigurationPlatforms) = postSolution
		{283D649D-30AC-4AC3-A925-D5263FA3549B}.Debug|Any CPU.ActiveCfg = Debug|Any CPU
		{283D649D-30AC-4AC3-A925-D5263FA3549B}.Debug|Any CPU.Build.0 = Debug|Any CPU
		{283D649D-30AC-4AC3-A925-D5263FA3549B}.Release|Any CPU.ActiveCfg = Release|Any CPU
		{283D649D-30AC-4AC3-A925-D5263FA3549B}.Release|Any CPU.Build.0 = Release|Any CPU
	EndGlobalSection
	GlobalSection(SolutionProperties) = preSolution
		HideSolutionNode = FALSE
	EndGlobalSection
	GlobalSection(ExtensibilityGlobals) = postSolution
		SolutionGuid = {DB58C2E7-2C12-4F05-A5F9-3F42F11A688F}
	EndGlobalSection
EndGlobal
